
Microsoft Visual Studio Solution File, Format Version 12.00
# Visual Studio Version 17
VisualStudioVersion = 17.5.33424.131
MinimumVisualStudioVersion = 10.0.40219.1
Project("{FAE04EC0-301F-11D3-BF4B-00C04F79EFBC}") = "test_readBinary1", "test_readBinary1\test_readBinary1.csproj", "{D69ABF86-95B7-48B5-8357-48C21E47ABAB}"
EndProject
Global
	GlobalSection(SolutionConfigurationPlatforms) = preSolution
		Debug|Any CPU = Debug|Any CPU
		Release|Any CPU = Release|Any CPU
	EndGlobalSection
	GlobalSection(ProjectConfigurationPlatforms) = postSolution
		{D69ABF86-95B7-48B5-8357-48C21E47ABAB}.Debug|Any CPU.ActiveCfg = Debug|Any CPU
		{D69ABF86-95B7-48B5-8357-48C21E47ABAB}.Debug|Any CPU.Build.0 = Debug|Any CPU
		{D69ABF86-95B7-48B5-8357-48C21E47ABAB}.Release|Any CPU.ActiveCfg = Release|Any CPU
		{D69ABF86-95B7-48B5-8357-48C21E47ABAB}.Release|Any CPU.Build.0 = Release|Any CPU
	EndGlobalSection
	GlobalSection(SolutionProperties) = preSolution
		HideSolutionNode = FALSE
	EndGlobalSection
	GlobalSection(ExtensibilityGlobals) = postSolution
		SolutionGuid = {01BCF843-9653-4B7B-AE25-BF7611DEA944}
	EndGlobalSection
EndGlobal
